<?xml version="1.0" encoding="utf-8"?>
<Project ToolsVersion="4.0" xmlns="http://schemas.microsoft.com/developer/msbuild/2003">
  <ItemGroup>
    <Filter Include="Source Files">
      <UniqueIdentifier>{4FC737F1-C7A5-4376-A066-2A32D752A2FF}</UniqueIdentifier>
      <Extensions>cpp;c;cc;cxx;def;odl;idl;hpj;bat;asm;asmx</Extensions>
    </Filter>
    <Filter Include="Header Files">
      <UniqueIdentifier>{93995380-89BD-4b04-88EB-625FBE52EBFB}</UniqueIdentifier>
      <Extensions>h;hh;hpp;hxx;hm;inl;inc;ipp;xsd</Extensions>
    </Filter>
    <Filter Include="Resource Files">
      <UniqueIdentifier>{67DA6AB6-F800-4c08-8B7A-83BB121AAD01}</UniqueIdentifier>
      <Extensions>rc;ico;cur;bmp;dlg;rc2;rct;bin;rgs;gif;jpg;jpeg;jpe;resx;tiff;tif;png;wav;mfcribbon-ms</Extensions>
    </Filter>
  </ItemGroup>
  <ItemGroup>
    <ClCompile Include="Codeforces.cpp">
      <Filter>Source Files</Filter>
    </ClCompile>
    <ClCompile Include="task_template.cpp">
      <Filter>Source Files</Filter>
    </ClCompile>
    <ClCompile Include="TaskA\TaskA.cpp">
      <Filter>Source Files</Filter>
    </ClCompile>
    <ClCompile Include="TaskB\TaskB.cpp">
      <Filter>Source Files</Filter>
    </ClCompile>
    <ClCompile Include="TaskC\TaskC.cpp">
      <Filter>Source Files</Filter>
    </ClCompile>
    <ClCompile Include="TaskD\TaskD.cpp">
      <Filter>Source Files</Filter>
    </ClCompile>
    <ClCompile Include="TaskE\TaskE.cpp">
      <Filter>Source Files</Filter>
    </ClCompile>
    <ClCompile Include="TaskF\TaskF.cpp">
      <Filter>Source Files</Filter>
    </ClCompile>
    <ClCompile Include="TaskG\TaskG.cpp">
      <Filter>Source Files</Filter>
    </ClCompile>
  </ItemGroup>
  <ItemGroup>
    <ClInclude Include="Library.h">
      <Filter>Header Files</Filter>
    </ClInclude>
  </ItemGroup>
  <ItemGroup>
    <None Include="TaskA\Problem.html">
      <Filter>Resource Files</Filter>
    </None>
    <None Include="TaskB\Problem.html">
      <Filter>Resource Files</Filter>
    </None>
    <None Include="TaskC\Problem.html">
      <Filter>Resource Files</Filter>
    </None>
    <None Include="TaskD\Problem.html">
      <Filter>Resource Files</Filter>
    </None>
    <None Include="TaskE\Problem.html">
      <Filter>Resource Files</Filter>
    </None>
    <None Include="TaskF\Problem.html">
      <Filter>Resource Files</Filter>
    </None>
    <None Include="TaskG\Problem.html">
      <Filter>Resource Files</Filter>
    </None>
  </ItemGroup>
  <ItemGroup>
    <Text Include="TaskA\Tests\test1.txt">
      <Filter>Resource Files</Filter>
    </Text>
    <Text Include="TaskA\Results\test1.txt">
      <Filter>Resource Files</Filter>
    </Text>
    <Text Include="TaskA\Tests\test2.txt">
      <Filter>Resource Files</Filter>
    </Text>
    <Text Include="TaskA\Results\test2.txt">
      <Filter>Resource Files</Filter>
    </Text>
    <Text Include="TaskA\Tests\test3.txt">
      <Filter>Resource Files</Filter>
    </Text>
    <Text Include="TaskA\Results\test3.txt">
      <Filter>Resource Files</Filter>
    </Text>
    <Text Include="TaskA\Tests\test4.txt">
      <Filter>Resource Files</Filter>
    </Text>
    <Text Include="TaskA\Results\test4.txt">
      <Filter>Resource Files</Filter>
    </Text>
    <Text Include="TaskA\Tests\test5.txt">
      <Filter>Resource Files</Filter>
    </Text>
    <Text Include="TaskA\Results\test5.txt">
      <Filter>Resource Files</Filter>
    </Text>
    <Text Include="TaskA\Tests\test6.txt">
      <Filter>Resource Files</Filter>
    </Text>
    <Text Include="TaskA\Results\test6.txt">
      <Filter>Resource Files</Filter>
    </Text>
    <Text Include="TaskB\Tests\test1.txt">
      <Filter>Resource Files</Filter>
    </Text>
    <Text Include="TaskB\Results\test1.txt">
      <Filter>Resource Files</Filter>
    </Text>
    <Text Include="TaskB\Tests\test2.txt">
      <Filter>Resource Files</Filter>
    </Text>
    <Text Include="TaskB\Results\test2.txt">
      <Filter>Resource Files</Filter>
    </Text>
    <Text Include="TaskB\Tests\test3.txt">
      <Filter>Resource Files</Filter>
    </Text>
    <Text Include="TaskB\Results\test3.txt">
      <Filter>Resource Files</Filter>
    </Text>
    <Text Include="TaskB\Tests\test4.txt">
      <Filter>Resource Files</Filter>
    </Text>
    <Text Include="TaskB\Results\test4.txt">
      <Filter>Resource Files</Filter>
    </Text>
    <Text Include="TaskC\Tests\test1.txt">
      <Filter>Resource Files</Filter>
    </Text>
    <Text Include="TaskC\Results\test1.txt">
      <Filter>Resource Files</Filter>
    </Text>
    <Text Include="TaskC\Tests\test2.txt">
      <Filter>Resource Files</Filter>
    </Text>
    <Text Include="TaskC\Results\test2.txt">
      <Filter>Resource Files</Filter>
    </Text>
    <Text Include="TaskC\Tests\test3.txt">
      <Filter>Resource Files</Filter>
    </Text>
    <Text Include="TaskC\Results\test3.txt">
      <Filter>Resource Files</Filter>
    </Text>
    <Text Include="TaskC\Tests\test4.txt">
      <Filter>Resource Files</Filter>
    </Text>
    <Text Include="TaskC\Results\test4.txt">
      <Filter>Resource Files</Filter>
    </Text>
    <Text Include="TaskC\Tests\test5.txt">
      <Filter>Resource Files</Filter>
    </Text>
    <Text Include="TaskC\Results\test5.txt">
      <Filter>Resource Files</Filter>
    </Text>
    <Text Include="TaskD\Tests\test1.txt">
      <Filter>Resource Files</Filter>
    </Text>
    <Text Include="TaskD\Results\test1.txt">
      <Filter>Resource Files</Filter>
    </Text>
    <Text Include="TaskD\Tests\test2.txt">
      <Filter>Resource Files</Filter>
    </Text>
    <Text Include="TaskD\Results\test2.txt">
      <Filter>Resource Files</Filter>
    </Text>
    <Text Include="TaskD\Tests\test3.txt">
      <Filter>Resource Files</Filter>
    </Text>
    <Text Include="TaskD\Results\test3.txt">
      <Filter>Resource Files</Filter>
    </Text>
    <Text Include="TaskD\Tests\test4.txt">
      <Filter>Resource Files</Filter>
    </Text>
    <Text Include="TaskD\Results\test4.txt">
      <Filter>Resource Files</Filter>
    </Text>
    <Text Include="TaskD\Tests\test5.txt">
      <Filter>Resource Files</Filter>
    </Text>
    <Text Include="TaskD\Results\test5.txt">
      <Filter>Resource Files</Filter>
    </Text>
    <Text Include="TaskD\Tests\test6.txt">
      <Filter>Resource Files</Filter>
    </Text>
    <Text Include="TaskD\Results\test6.txt">
      <Filter>Resource Files</Filter>
    </Text>
    <Text Include="TaskE\Tests\test1.txt">
      <Filter>Resource Files</Filter>
    </Text>
    <Text Include="TaskE\Results\test1.txt">
      <Filter>Resource Files</Filter>
    </Text>
    <Text Include="TaskE\Tests\test2.txt">
      <Filter>Resource Files</Filter>
    </Text>
    <Text Include="TaskE\Results\test2.txt">
      <Filter>Resource Files</Filter>
    </Text>
    <Text Include="TaskE\Tests\test3.txt">
      <Filter>Resource Files</Filter>
    </Text>
    <Text Include="TaskE\Results\test3.txt">
      <Filter>Resource Files</Filter>
    </Text>
    <Text Include="TaskE\Tests\test4.txt">
      <Filter>Resource Files</Filter>
    </Text>
    <Text Include="TaskE\Results\test4.txt">
      <Filter>Resource Files</Filter>
    </Text>
    <Text Include="TaskE\Tests\test5.txt">
      <Filter>Resource Files</Filter>
    </Text>
    <Text Include="TaskE\Results\test5.txt">
      <Filter>Resource Files</Filter>
    </Text>
    <Text Include="TaskE\Tests\test6.txt">
      <Filter>Resource Files</Filter>
    </Text>
    <Text Include="TaskE\Results\test6.txt">
      <Filter>Resource Files</Filter>
    </Text>
    <Text Include="TaskF\Tests\test1.txt">
      <Filter>Resource Files</Filter>
    </Text>
    <Text Include="TaskF\Results\test1.txt">
      <Filter>Resource Files</Filter>
    </Text>
    <Text Include="TaskF\Tests\test2.txt">
      <Filter>Resource Files</Filter>
    </Text>
    <Text Include="TaskF\Results\test2.txt">
      <Filter>Resource Files</Filter>
    </Text>
    <Text Include="TaskF\Tests\test3.txt">
      <Filter>Resource Files</Filter>
    </Text>
    <Text Include="TaskF\Results\test3.txt">
      <Filter>Resource Files</Filter>
    </Text>
    <Text Include="TaskF\Tests\test4.txt">
      <Filter>Resource Files</Filter>
    </Text>
    <Text Include="TaskF\Results\test4.txt">
      <Filter>Resource Files</Filter>
    </Text>
    <Text Include="TaskF\Tests\test5.txt">
      <Filter>Resource Files</Filter>
    </Text>
    <Text Include="TaskF\Results\test5.txt">
      <Filter>Resource Files</Filter>
    </Text>
    <Text Include="TaskG\Tests\test1.txt">
      <Filter>Resource Files</Filter>
    </Text>
    <Text Include="TaskG\Results\test1.txt">
      <Filter>Resource Files</Filter>
    </Text>
    <Text Include="TaskG\Tests\test2.txt">
      <Filter>Resource Files</Filter>
    </Text>
    <Text Include="TaskG\Results\test2.txt">
      <Filter>Resource Files</Filter>
    </Text>
    <Text Include="TaskG\Tests\test3.txt">
      <Filter>Resource Files</Filter>
    </Text>
    <Text Include="TaskG\Results\test3.txt">
      <Filter>Resource Files</Filter>
    </Text>
    <Text Include="TaskG\Tests\test4.txt">
      <Filter>Resource Files</Filter>
    </Text>
    <Text Include="TaskG\Results\test4.txt">
      <Filter>Resource Files</Filter>
    </Text>
    <Text Include="TaskG\Tests\test5.txt">
      <Filter>Resource Files</Filter>
    </Text>
    <Text Include="TaskG\Results\test5.txt">
      <Filter>Resource Files</Filter>
    </Text>
    <Text Include="TaskG\Tests\test6.txt">
      <Filter>Resource Files</Filter>
    </Text>
    <Text Include="TaskG\Results\test6.txt">
      <Filter>Resource Files</Filter>
    </Text>
  </ItemGroup>
</Project>